
Microsoft Visual Studio Solution File, Format Version 12.00
# Visual Studio Version 17
VisualStudioVersion = 17.14.36518.9 d17.14
MinimumVisualStudioVersion = 10.0.40219.1
Project("{FAE04EC0-301F-11D3-BF4B-00C04F79EFBC}") = "AppAgency.Console", "AppAgency.Console\AppAgency.Console.csproj", "{B06E56C0-B06C-4E24-B8DF-C063F1A5CE6E}"
EndProject
Project("{FAE04EC0-301F-11D3-BF4B-00C04F79EFBC}") = "AppAgency.DAL", "AppAgency.DAL\AppAgency.DAL.csproj", "{E66F11A8-786B-4503-AC2E-47F5B72F2F84}"
EndProject
Project("{FAE04EC0-301F-11D3-BF4B-00C04F79EFBC}") = "AppAgency.Domain", "AppAgency.Domain\AppAgency.Domain.csproj", "{2139459B-2490-4C18-BE07-278AA5E3DD25}"
EndProject
Global
	GlobalSection(SolutionConfigurationPlatforms) = preSolution
		Debug|Any CPU = Debug|Any CPU
		Release|Any CPU = Release|Any CPU
	EndGlobalSection
	GlobalSection(ProjectConfigurationPlatforms) = postSolution
		{B06E56C0-B06C-4E24-B8DF-C063F1A5CE6E}.Debug|Any CPU.ActiveCfg = Debug|Any CPU
		{B06E56C0-B06C-4E24-B8DF-C063F1A5CE6E}.Debug|Any CPU.Build.0 = Debug|Any CPU
		{B06E56C0-B06C-4E24-B8DF-C063F1A5CE6E}.Release|Any CPU.ActiveCfg = Release|Any CPU
		{B06E56C0-B06C-4E24-B8DF-C063F1A5CE6E}.Release|Any CPU.Build.0 = Release|Any CPU
		{E66F11A8-786B-4503-AC2E-47F5B72F2F84}.Debug|Any CPU.ActiveCfg = Debug|Any CPU
		{E66F11A8-786B-4503-AC2E-47F5B72F2F84}.Debug|Any CPU.Build.0 = Debug|Any CPU
		{E66F11A8-786B-4503-AC2E-47F5B72F2F84}.Release|Any CPU.ActiveCfg = Release|Any CPU
		{E66F11A8-786B-4503-AC2E-47F5B72F2F84}.Release|Any CPU.Build.0 = Release|Any CPU
		{2139459B-2490-4C18-BE07-278AA5E3DD25}.Debug|Any CPU.ActiveCfg = Debug|Any CPU
		{2139459B-2490-4C18-BE07-278AA5E3DD25}.Debug|Any CPU.Build.0 = Debug|Any CPU
		{2139459B-2490-4C18-BE07-278AA5E3DD25}.Release|Any CPU.ActiveCfg = Release|Any CPU
		{2139459B-2490-4C18-BE07-278AA5E3DD25}.Release|Any CPU.Build.0 = Release|Any CPU
	EndGlobalSection
	GlobalSection(SolutionProperties) = preSolution
		HideSolutionNode = FALSE
	EndGlobalSection
	GlobalSection(ExtensibilityGlobals) = postSolution
		SolutionGuid = {5610DCDB-B85F-44F2-AB8F-B90B586F6777}
	EndGlobalSection
EndGlobal
